{
  "name": "babylon-js-learning",
  "version": "1.0.0",
  "lockfileVersion": 1,
  "requires": true,
  "dependencies": {
    "babylonjs": {
      "version": "5.6.1",
      "resolved": "https://registry.npmjs.org/babylonjs/-/babylonjs-5.6.1.tgz",
      "integrity": "sha512-iFiU/fbMCMj6UozzU7EmJiMj4teryrlxAwwBWYzWB0SqqGRxrzP+ydIfpbzT7d/4Js78CnMyFhKxQ98ky2bQkQ=="
    }
  }
}
